// !$*UTF8*$!
{
	archiveVersion = 1;
	classes = {
	};
	objectVersion = 56;
	objects = {

/* Begin PBXBuildFile section */
		1E8970CE2B05F32F00A15CA0 /* StickyHeaderApp.swift in Sources */ = {isa = PBXBuildFile; fileRef = 1E8970CD2B05F32F00A15CA0 /* StickyHeaderApp.swift */; };
		1E8970D02B05F32F00A15CA0 /* ContentView.swift in Sources */ = {isa = PBXBuildFile; fileRef = 1E8970CF2B05F32F00A15CA0 /* ContentView.swift */; };
		1E8970D22B05F33200A15CA0 /* Assets.xcassets in Resources */ = {isa = PBXBuildFile; fileRef = 1E8970D12B05F33200A15CA0 /* Assets.xcassets */; };
		1E8970D52B05F33200A15CA0 /* Preview Assets.xcassets in Resources */ = {isa = PBXBuildFile; fileRef = 1E8970D42B05F33200A15CA0 /* Preview Assets.xcassets */; };
		1E8970DF2B05F33200A15CA0 /* StickyHeaderTests.swift in Sources */ = {isa = PBXBuildFile; fileRef = 1E8970DE2B05F33200A15CA0 /* StickyHeaderTests.swift */; };
		1E8970E92B05F33200A15CA0 /* StickyHeaderUITests.swift in Sources */ = {isa = PBXBuildFile; fileRef = 1E8970E82B05F33200A15CA0 /* StickyHeaderUITests.swift */; };
		1E8970EB2B05F33200A15CA0 /* StickyHeaderUITestsLaunchTests.swift in Sources */ = {isa = PBXBuildFile; fileRef = 1E8970EA2B05F33200A15CA0 /* StickyHeaderUITestsLaunchTests.swift */; };
/* End PBXBuildFile section */

/* Begin PBXContainerItemProxy section */
		1E8970DB2B05F33200A15CA0 /* PBXContainerItemProxy */ = {
			isa = PBXContainerItemProxy;
			containerPortal = 1E8970C22B05F32F00A15CA0 /* Project object */;
			proxyType = 1;
			remoteGlobalIDString = 1E8970C92B05F32F00A15CA0;
			remoteInfo = StickyHeader;
		};
		1E8970E52B05F33200A15CA0 /* PBXContainerItemProxy */ = {
			isa = PBXContainerItemProxy;
			containerPortal = 1E8970C22B05F32F00A15CA0 /* Project object */;
			proxyType = 1;
			remoteGlobalIDString = 1E8970C92B05F32F00A15CA0;
			remoteInfo = StickyHeader;
		};
/* End PBXContainerItemProxy section */

/* Begin PBXFileReference section */
		1E8970CA2B05F32F00A15CA0 /* StickyHeader.app */ = {isa = PBXFileReference; explicitFileType = wrapper.application; includeInIndex = 0; path = StickyHeader.app; sourceTree = BUILT_PRODUCTS_DIR; };
		1E8970CD2B05F32F00A15CA0 /* StickyHeaderApp.swift */ = {isa = PBXFileReference; lastKnownFileType = sourcecode.swift; path = StickyHeaderApp.swift; sourceTree = "<group>"; };
		1E8970CF2B05F32F00A15CA0 /* ContentView.swift */ = {isa = PBXFileReference; lastKnownFileType = sourcecode.swift; path = ContentView.swift; sourceTree = "<group>"; };
		1E8970D12B05F33200A15CA0 /* Assets.xcassets */ = {isa = PBXFileReference; lastKnownFileType = folder.assetcatalog; path = Assets.xcassets; sourceTree = "<group>"; };
		1E8970D42B05F33200A15CA0 /* Preview Assets.xcassets */ = {isa = PBXFileReference; lastKnownFileType = folder.assetcatalog; path = "Preview Assets.xcassets"; sourceTree = "<group>"; };
		1E8970DA2B05F33200A15CA0 /* StickyHeaderTests.xctest */ = {isa = PBXFileReference; explicitFileType = wrapper.cfbundle; includeInIndex = 0; path = StickyHeaderTests.xctest; sourceTree = BUILT_PRODUCTS_DIR; };
		1E8970DE2B05F33200A15CA0 /* StickyHeaderTests.swift */ = {isa = PBXFileReference; lastKnownFileType = sourcecode.swift; path = StickyHeaderTests.swift; sourceTree = "<group>"; };
		1E8970E42B05F33200A15CA0 /* StickyHeaderUITests.xctest */ = {isa = PBXFileReference; explicitFileType = wrapper.cfbundle; includeInIndex = 0; path = StickyHeaderUITests.xctest; sourceTree = BUILT_PRODUCTS_DIR; };
		1E8970E82B05F33200A15CA0 /* StickyHeaderUITests.swift */ = {isa = PBXFileReference; lastKnownFileType = sourcecode.swift; path = StickyHeaderUITests.swift; sourceTree = "<group>"; };
		1E8970EA2B05F33200A15CA0 /* StickyHeaderUITestsLaunchTests.swift */ = {isa = PBXFileReference; lastKnownFileType = sourcecode.swift; path = StickyHeaderUITestsLaunchTests.swift; sourceTree = "<group>"; };
/* End PBXFileReference section */

/* Begin PBXFrameworksBuildPhase section */
		1E8970C72B05F32F00A15CA0 /* Frameworks */ = {
			isa = PBXFrameworksBuildPhase;
			buildActionMask = 2147483647;
			files = (
			);
			runOnlyForDeploymentPostprocessing = 0;
		};
		1E8970D72B05F33200A15CA0 /* Frameworks */ = {
			isa = PBXFrameworksBuildPhase;
			buildActionMask = 2147483647;
			files = (
			);
			runOnlyForDeploymentPostprocessing = 0;
		};
		1E8970E12B05F33200A15CA0 /* Frameworks */ = {
			isa = PBXFrameworksBuildPhase;
			buildActionMask = 2147483647;
			files = (
			);
			runOnlyForDeploymentPostprocessing = 0;
		};
/* End PBXFrameworksBuildPhase section */

/* Begin PBXGroup section */
		1E8970C12B05F32F00A15CA0 = {
			isa = PBXGroup;
			children = (
				1E8970CC2B05F32F00A15CA0 /* StickyHeader */,
				1E8970DD2B05F33200A15CA0 /* StickyHeaderTests */,
				1E8970E72B05F33200A15CA0 /* StickyHeaderUITests */,
				1E8970CB2B05F32F00A15CA0 /* Products */,
			);
			sourceTree = "<group>";
		};
		1E8970CB2B05F32F00A15CA0 /* Products */ = {
			isa = PBXGroup;
			children = (
				1E8970CA2B05F32F00A15CA0 /* StickyHeader.app */,
				1E8970DA2B05F33200A15CA0 /* StickyHeaderTests.xctest */,
				1E8970E42B05F33200A15CA0 /* StickyHeaderUITests.xctest */,
			);
			name = Products;
			sourceTree = "<group>";
		};
		1E8970CC2B05F32F00A15CA0 /* StickyHeader */ = {
			isa = PBXGroup;
			children = (
				1E8970CD2B05F32F00A15CA0 /* StickyHeaderApp.swift */,
				1E8970CF2B05F32F00A15CA0 /* ContentView.swift */,
				1E8970D12B05F33200A15CA0 /* Assets.xcassets */,
				1E8970D32B05F33200A15CA0 /* Preview Content */,
			);
			path = StickyHeader;
			sourceTree = "<group>";
		};
		1E8970D32B05F33200A15CA0 /* Preview Content */ = {
			isa = PBXGroup;
			children = (
				1E8970D42B05F33200A15CA0 /* Preview Assets.xcassets */,
			);
			path = "Preview Content";
			sourceTree = "<group>";
		};
		1E8970DD2B05F33200A15CA0 /* StickyHeaderTests */ = {
			isa = PBXGroup;
			children = (
				1E8970DE2B05F33200A15CA0 /* StickyHeaderTests.swift */,
			);
			path = StickyHeaderTests;
			sourceTree = "<group>";
		};
		1E8970E72B05F33200A15CA0 /* StickyHeaderUITests */ = {
			isa = PBXGroup;
			children = (
				1E8970E82B05F33200A15CA0 /* StickyHeaderUITests.swift */,
				1E8970EA2B05F33200A15CA0 /* StickyHeaderUITestsLaunchTests.swift */,
			);
			path = StickyHeaderUITests;
			sourceTree = "<group>";
		};
/* End PBXGroup section */

/* Begin PBXNativeTarget section */
		1E8970C92B05F32F00A15CA0 /* StickyHeader */ = {
			isa = PBXNativeTarget;
			buildConfigurationList = 1E8970EE2B05F33200A15CA0 /* Build configuration list for PBXNativeTarget "StickyHeader" */;
			buildPhases = (
				1E8970C62B05F32F00A15CA0 /* Sources */,
				1E8970C72B05F32F00A15CA0 /* Frameworks */,
				1E8970C82B05F32F00A15CA0 /* Resources */,
			);
			buildRules = (
			);
			dependencies = (
			);
			name = StickyHeader;
			productName = StickyHeader;
			productReference = 1E8970CA2B05F32F00A15CA0 /* StickyHeader.app */;
			productType = "com.apple.product-type.application";
		};
		1E8970D92B05F33200A15CA0 /* StickyHeaderTests */ = {
			isa = PBXNativeTarget;
			buildConfigurationList = 1E8970F12B05F33200A15CA0 /* Build configuration list for PBXNativeTarget "StickyHeaderTests" */;
			buildPhases = (
				1E8970D62B05F33200A15CA0 /* Sources */,
				1E8970D72B05F33200A15CA0 /* Frameworks */,
				1E8970D82B05F33200A15CA0 /* Resources */,
			);
			buildRules = (
			);
			dependencies = (
				1E8970DC2B05F33200A15CA0 /* PBXTargetDependency */,
			);
			name = StickyHeaderTests;
			productName = StickyHeaderTests;
			productReference = 1E8970DA2B05F33200A15CA0 /* StickyHeaderTests.xctest */;
			productType = "com.apple.product-type.bundle.unit-test";
		};
		1E8970E32B05F33200A15CA0 /* StickyHeaderUITests */ = {
			isa = PBXNativeTarget;
			buildConfigurationList = 1E8970F42B05F33200A15CA0 /* Build configuration list for PBXNativeTarget "StickyHeaderUITests" */;
			buildPhases = (
				1E8970E02B05F33200A15CA0 /* Sources */,
				1E8970E12B05F33200A15CA0 /* Frameworks */,
				1E8970E22B05F33200A15CA0 /* Resources */,
			);
			buildRules = (
			);
			dependencies = (
				1E8970E62B05F33200A15CA0 /* PBXTargetDependency */,
			);
			name = StickyHeaderUITests;
			productName = StickyHeaderUITests;
			productReference = 1E8970E42B05F33200A15CA0 /* StickyHeaderUITests.xctest */;
			productType = "com.apple.product-type.bundle.ui-testing";
		};
/* End PBXNativeTarget section */

/* Begin PBXProject section */
		1E8970C22B05F32F00A15CA0 /* Project object */ = {
			isa = PBXProject;
			attributes = {
				BuildIndependentTargetsInParallel = 1;
				LastSwiftUpdateCheck = 1500;
				LastUpgradeCheck = 1500;
				TargetAttributes = {
					1E8970C92B05F32F00A15CA0 = {
						CreatedOnToolsVersion = 15.0.1;
					};
					1E8970D92B05F33200A15CA0 = {
						CreatedOnToolsVersion = 15.0.1;
						TestTargetID = 1E8970C92B05F32F00A15CA0;
					};
					1E8970E32B05F33200A15CA0 = {
						CreatedOnToolsVersion = 15.0.1;
						TestTargetID = 1E8970C92B05F32F00A15CA0;
					};
				};
			};
			buildConfigurationList = 1E8970C52B05F32F00A15CA0 /* Build configuration list for PBXProject "StickyHeader" */;
			compatibilityVersion = "Xcode 14.0";
			developmentRegion = en;
			hasScannedForEncodings = 0;
			knownRegions = (
				en,
				Base,
			);
			mainGroup = 1E8970C12B05F32F00A15CA0;
			productRefGroup = 1E8970CB2B05F32F00A15CA0 /* Products */;
			projectDirPath = "";
			projectRoot = "";
			targets = (
				1E8970C92B05F32F00A15CA0 /* StickyHeader */,
				1E8970D92B05F33200A15CA0 /* StickyHeaderTests */,
				1E8970E32B05F33200A15CA0 /* StickyHeaderUITests */,
			);
		};
/* End PBXProject section */

/* Begin PBXResourcesBuildPhase section */
		1E8970C82B05F32F00A15CA0 /* Resources */ = {
			isa = PBXResourcesBuildPhase;
			buildActionMask = 2147483647;
			files = (
				1E8970D52B05F33200A15CA0 /* Preview Assets.xcassets in Resources */,
				1E8970D22B05F33200A15CA0 /* Assets.xcassets in Resources */,
			);
			runOnlyForDeploymentPostprocessing = 0;
		};
		1E8970D82B05F33200A15CA0 /* Resources */ = {
			isa = PBXResourcesBuildPhase;
			buildActionMask = 2147483647;
			files = (
			);
			runOnlyForDeploymentPostprocessing = 0;
		};
		1E8970E22B05F33200A15CA0 /* Resources */ = {
			isa = PBXResourcesBuildPhase;
			buildActionMask = 2147483647;
			files = (
			);
			runOnlyForDeploymentPostprocessing = 0;
		};
/* End PBXResourcesBuildPhase section */

/* Begin PBXSourcesBuildPhase section */
		1E8970C62B05F32F00A15CA0 /* Sources */ = {
			isa = PBXSourcesBuildPhase;
			buildActionMask = 2147483647;
			files = (
				1E8970D02B05F32F00A15CA0 /* ContentView.swift in Sources */,
				1E8970CE2B05F32F00A15CA0 /* StickyHeaderApp.swift in Sources */,
			);
			runOnlyForDeploymentPostprocessing = 0;
		};
		1E8970D62B05F33200A15CA0 /* Sources */ = {
			isa = PBXSourcesBuildPhase;
			buildActionMask = 2147483647;
			files = (
				1E8970DF2B05F33200A15CA0 /* StickyHeaderTests.swift in Sources */,
			);
			runOnlyForDeploymentPostprocessing = 0;
		};
		1E8970E02B05F33200A15CA0 /* Sources */ = {
			isa = PBXSourcesBuildPhase;
			buildActionMask = 2147483647;
			files = (
				1E8970EB2B05F33200A15CA0 /* StickyHeaderUITestsLaunchTests.swift in Sources */,
				1E8970E92B05F33200A15CA0 /* StickyHeaderUITests.swift in Sources */,
			);
			runOnlyForDeploymentPostprocessing = 0;
		};
/* End PBXSourcesBuildPhase section */

/* Begin PBXTargetDependency section */
		1E8970DC2B05F33200A15CA0 /* PBXTargetDependency */ = {
			isa = PBXTargetDependency;
			target = 1E8970C92B05F32F00A15CA0 /* StickyHeader */;
			targetProxy = 1E8970DB2B05F33200A15CA0 /* PBXContainerItemProxy */;
		};
		1E8970E62B05F33200A15CA0 /* PBXTargetDependency */ = {
			isa = PBXTargetDependency;
			target = 1E8970C92B05F32F00A15CA0 /* StickyHeader */;
			targetProxy = 1E8970E52B05F33200A15CA0 /* PBXContainerItemProxy */;
		};
/* End PBXTargetDependency section */

/* Begin XCBuildConfiguration section */
		1E8970EC2B05F33200A15CA0 /* Debug */ = {
			isa = XCBuildConfiguration;
			buildSettings = {
				ALWAYS_SEARCH_USER_PATHS = NO;
				ASSETCATALOG_COMPILER_GENERATE_SWIFT_ASSET_SYMBOL_EXTENSIONS = YES;
				CLANG_ANALYZER_NONNULL = YES;
				CLANG_ANALYZER_NUMBER_OBJECT_CONVERSION = YES_AGGRESSIVE;
				CLANG_CXX_LANGUAGE_STANDARD = "gnu++20";
				CLANG_ENABLE_MODULES = YES;
				CLANG_ENABLE_OBJC_ARC = YES;
				CLANG_ENABLE_OBJC_WEAK = YES;
				CLANG_WARN_BLOCK_CAPTURE_AUTORELEASING = YES;
				CLANG_WARN_BOOL_CONVERSION = YES;
				CLANG_WARN_COMMA = YES;
				CLANG_WARN_CONSTANT_CONVERSION = YES;
				CLANG_WARN_DEPRECATED_OBJC_IMPLEMENTATIONS = YES;
				CLANG_WARN_DIRECT_OBJC_ISA_USAGE = YES_ERROR;
				CLANG_WARN_DOCUMENTATION_COMMENTS = YES;
				CLANG_WARN_EMPTY_BODY = YES;
				CLANG_WARN_ENUM_CONVERSION = YES;
				CLANG_WARN_INFINITE_RECURSION = YES;
				CLANG_WARN_INT_CONVERSION = YES;
				CLANG_WARN_NON_LITERAL_NULL_CONVERSION = YES;
				CLANG_WARN_OBJC_IMPLICIT_RETAIN_SELF = YES;
				CLANG_WARN_OBJC_LITERAL_CONVERSION = YES;
				CLANG_WARN_OBJC_ROOT_CLASS = YES_ERROR;
				CLANG_WARN_QUOTED_INCLUDE_IN_FRAMEWORK_HEADER = YES;
				CLANG_WARN_RANGE_LOOP_ANALYSIS = YES;
				CLANG_WARN_STRICT_PROTOTYPES = YES;
				CLANG_WARN_SUSPICIOUS_MOVE = YES;
				CLANG_WARN_UNGUARDED_AVAILABILITY = YES_AGGRESSIVE;
				CLANG_WARN_UNREACHABLE_CODE = YES;
				CLANG_WARN__DUPLICATE_METHOD_MATCH = YES;
				COPY_PHASE_STRIP = NO;
				DEBUG_INFORMATION_FORMAT = dwarf;
				ENABLE_STRICT_OBJC_MSGSEND = YES;
				ENABLE_TESTABILITY = YES;
				ENABLE_USER_SCRIPT_SANDBOXING = YES;
				GCC_C_LANGUAGE_STANDARD = gnu17;
				GCC_DYNAMIC_NO_PIC = NO;
				GCC_NO_COMMON_BLOCKS = YES;
				GCC_OPTIMIZATION_LEVEL = 0;
				GCC_PREPROCESSOR_DEFINITIONS = (
					"DEBUG=1",
					"$(inherited)",
				);
				GCC_WARN_64_TO_32_BIT_CONVERSION = YES;
				GCC_WARN_ABOUT_RETURN_TYPE = YES_ERROR;
				GCC_WARN_UNDECLARED_SELECTOR = YES;
				GCC_WARN_UNINITIALIZED_AUTOS = YES_AGGRESSIVE;
				GCC_WARN_UNUSED_FUNCTION = YES;
				GCC_WARN_UNUSED_VARIABLE = YES;
				IPHONEOS_DEPLOYMENT_TARGET = 17.0;
				LOCALIZATION_PREFERS_STRING_CATALOGS = YES;
				MTL_ENABLE_DEBUG_INFO = INCLUDE_SOURCE;
				MTL_FAST_MATH = YES;
				ONLY_ACTIVE_ARCH = YES;
				SDKROOT = iphoneos;
				SWIFT_ACTIVE_COMPILATION_CONDITIONS = "DEBUG $(inherited)";
				SWIFT_OPTIMIZATION_LEVEL = "-Onone";
			};
			name = Debug;
		};
		1E8970ED2B05F33200A15CA0 /* Release */ = {
			isa = XCBuildConfiguration;
			buildSettings = {
				ALWAYS_SEARCH_USER_PATHS = NO;
				ASSETCATALOG_COMPILER_GENERATE_SWIFT_ASSET_SYMBOL_EXTENSIONS = YES;
				CLANG_ANALYZER_NONNULL = YES;
				CLANG_ANALYZER_NUMBER_OBJECT_CONVERSION = YES_AGGRESSIVE;
				CLANG_CXX_LANGUAGE_STANDARD = "gnu++20";
				CLANG_ENABLE_MODULES = YES;
				CLANG_ENABLE_OBJC_ARC = YES;
				CLANG_ENABLE_OBJC_WEAK = YES;
				CLANG_WARN_BLOCK_CAPTURE_AUTORELEASING = YES;
				CLANG_WARN_BOOL_CONVERSION = YES;
				CLANG_WARN_COMMA = YES;
				CLANG_WARN_CONSTANT_CONVERSION = YES;
				CLANG_WARN_DEPRECATED_OBJC_IMPLEMENTATIONS = YES;
				CLANG_WARN_DIRECT_OBJC_ISA_USAGE = YES_ERROR;
				CLANG_WARN_DOCUMENTATION_COMMENTS = YES;
				CLANG_WARN_EMPTY_BODY = YES;
				CLANG_WARN_ENUM_CONVERSION = YES;
				CLANG_WARN_INFINITE_RECURSION = YES;
				CLANG_WARN_INT_CONVERSION = YES;
				CLANG_WARN_NON_LITERAL_NULL_CONVERSION = YES;
				CLANG_WARN_OBJC_IMPLICIT_RETAIN_SELF = YES;
				CLANG_WARN_OBJC_LITERAL_CONVERSION = YES;
				CLANG_WARN_OBJC_ROOT_CLASS = YES_ERROR;
				CLANG_WARN_QUOTED_INCLUDE_IN_FRAMEWORK_HEADER = YES;
				CLANG_WARN_RANGE_LOOP_ANALYSIS = YES;
				CLANG_WARN_STRICT_PROTOTYPES = YES;
				CLANG_WARN_SUSPICIOUS_MOVE = YES;
				CLANG_WARN_UNGUARDED_AVAILABILITY = YES_AGGRESSIVE;
				CLANG_WARN_UNREACHABLE_CODE = YES;
				CLANG_WARN__DUPLICATE_METHOD_MATCH = YES;
				COPY_PHASE_STRIP = NO;
				DEBUG_INFORMATION_FORMAT = "dwarf-with-dsym";
				ENABLE_NS_ASSERTIONS = NO;
				ENABLE_STRICT_OBJC_MSGSEND = YES;
				ENABLE_USER_SCRIPT_SANDBOXING = YES;
				GCC_C_LANGUAGE_STANDARD = gnu17;
				GCC_NO_COMMON_BLOCKS = YES;
				GCC_WARN_64_TO_32_BIT_CONVERSION = YES;
				GCC_WARN_ABOUT_RETURN_TYPE = YES_ERROR;
				GCC_WARN_UNDECLARED_SELECTOR = YES;
				GCC_WARN_UNINITIALIZED_AUTOS = YES_AGGRESSIVE;
				GCC_WARN_UNUSED_FUNCTION = YES;
				GCC_WARN_UNUSED_VARIABLE = YES;
				IPHONEOS_DEPLOYMENT_TARGET = 17.0;
				LOCALIZATION_PREFERS_STRING_CATALOGS = YES;
				MTL_ENABLE_DEBUG_INFO = NO;
				MTL_FAST_MATH = YES;
				SDKROOT = iphoneos;
				SWIFT_COMPILATION_MODE = wholemodule;
				VALIDATE_PRODUCT = YES;
			};
			name = Release;
		};
		1E8970EF2B05F33200A15CA0 /* Debug */ = {
			isa = XCBuildConfiguration;
			buildSettings = {
				ASSETCATALOG_COMPILER_APPICON_NAME = AppIcon;
				ASSETCATALOG_COMPILER_GLOBAL_ACCENT_COLOR_NAME = AccentColor;
				CODE_SIGN_STYLE = Automatic;
				CURRENT_PROJECT_VERSION = 1;
				DEVELOPMENT_ASSET_PATHS = "\"StickyHeader/Preview Content\"";
				ENABLE_PREVIEWS = YES;
				GENERATE_INFOPLIST_FILE = YES;
				INFOPLIST_KEY_UIApplicationSceneManifest_Generation = YES;
				INFOPLIST_KEY_UIApplicationSupportsIndirectInputEvents = YES;
				INFOPLIST_KEY_UILaunchScreen_Generation = YES;
				INFOPLIST_KEY_UISupportedInterfaceOrientations_iPad = "UIInterfaceOrientationPortrait UIInterfaceOrientationPortraitUpsideDown UIInterfaceOrientationLandscapeLeft UIInterfaceOrientationLandscapeRight";
				INFOPLIST_KEY_UISupportedInterfaceOrientations_iPhone = "UIInterfaceOrientationPortrait UIInterfaceOrientationLandscapeLeft UIInterfaceOrientationLandscapeRight";
				LD_RUNPATH_SEARCH_PATHS = (
					"$(inherited)",
					"@executable_path/Frameworks",
				);
				MARKETING_VERSION = 1.0;
				PRODUCT_BUNDLE_IDENTIFIER = com.wac.StickyHeader;
				PRODUCT_NAME = "$(TARGET_NAME)";
				SWIFT_EMIT_LOC_STRINGS = YES;
				SWIFT_VERSION = 5.0;
				TARGETED_DEVICE_FAMILY = "1,2";
			};
			name = Debug;
		};
		1E8970F02B05F33200A15CA0 /* Release */ = {
			isa = XCBuildConfiguration;
			buildSettings = {
				ASSETCATALOG_COMPILER_APPICON_NAME = AppIcon;
				ASSETCATALOG_COMPILER_GLOBAL_ACCENT_COLOR_NAME = AccentColor;
				CODE_SIGN_STYLE = Automatic;
				CURRENT_PROJECT_VERSION = 1;
				DEVELOPMENT_ASSET_PATHS = "\"StickyHeader/Preview Content\"";
				ENABLE_PREVIEWS = YES;
				GENERATE_INFOPLIST_FILE = YES;
				INFOPLIST_KEY_UIApplicationSceneManifest_Generation = YES;
				INFOPLIST_KEY_UIApplicationSupportsIndirectInputEvents = YES;
				INFOPLIST_KEY_UILaunchScreen_Generation = YES;
				INFOPLIST_KEY_UISupportedInterfaceOrientations_iPad = "UIInterfaceOrientationPortrait UIInterfaceOrientationPortraitUpsideDown UIInterfaceOrientationLandscapeLeft UIInterfaceOrientationLandscapeRight";
				INFOPLIST_KEY_UISupportedInterfaceOrientations_iPhone = "UIInterfaceOrientationPortrait UIInterfaceOrientationLandscapeLeft UIInterfaceOrientationLandscapeRight";
				LD_RUNPATH_SEARCH_PATHS = (
					"$(inherited)",
					"@executable_path/Frameworks",
				);
				MARKETING_VERSION = 1.0;
				PRODUCT_BUNDLE_IDENTIFIER = com.wac.StickyHeader;
				PRODUCT_NAME = "$(TARGET_NAME)";
				SWIFT_EMIT_LOC_STRINGS = YES;
				SWIFT_VERSION = 5.0;
				TARGETED_DEVICE_FAMILY = "1,2";
			};
			name = Release;
		};
		1E8970F22B05F33200A15CA0 /* Debug */ = {
			isa = XCBuildConfiguration;
			buildSettings = {
				ALWAYS_EMBED_SWIFT_STANDARD_LIBRARIES = YES;
				BUNDLE_LOADER = "$(TEST_HOST)";
				CODE_SIGN_STYLE = Automatic;
				CURRENT_PROJECT_VERSION = 1;
				GENERATE_INFOPLIST_FILE = YES;
				IPHONEOS_DEPLOYMENT_TARGET = 17.0;
				MARKETING_VERSION = 1.0;
				PRODUCT_BUNDLE_IDENTIFIER = com.wac.StickyHeaderTests;
				PRODUCT_NAME = "$(TARGET_NAME)";
				SWIFT_EMIT_LOC_STRINGS = NO;
				SWIFT_VERSION = 5.0;
				TARGETED_DEVICE_FAMILY = "1,2";
				TEST_HOST = "$(BUILT_PRODUCTS_DIR)/StickyHeader.app/$(BUNDLE_EXECUTABLE_FOLDER_PATH)/StickyHeader";
			};
			name = Debug;
		};
		1E8970F32B05F33200A15CA0 /* Release */ = {
			isa = XCBuildConfiguration;
			buildSettings = {
				ALWAYS_EMBED_SWIFT_STANDARD_LIBRARIES = YES;
				BUNDLE_LOADER = "$(TEST_HOST)";
				CODE_SIGN_STYLE = Automatic;
				CURRENT_PROJECT_VERSION = 1;
				GENERATE_INFOPLIST_FILE = YES;
				IPHONEOS_DEPLOYMENT_TARGET = 17.0;
				MARKETING_VERSION = 1.0;
				PRODUCT_BUNDLE_IDENTIFIER = com.wac.StickyHeaderTests;
				PRODUCT_NAME = "$(TARGET_NAME)";
				SWIFT_EMIT_LOC_STRINGS = NO;
				SWIFT_VERSION = 5.0;
				TARGETED_DEVICE_FAMILY = "1,2";
				TEST_HOST = "$(BUILT_PRODUCTS_DIR)/StickyHeader.app/$(BUNDLE_EXECUTABLE_FOLDER_PATH)/StickyHeader";
			};
			name = Release;
		};
		1E8970F52B05F33200A15CA0 /* Debug */ = {
			isa = XCBuildConfiguration;
			buildSettings = {
				ALWAYS_EMBED_SWIFT_STANDARD_LIBRARIES = YES;
				CODE_SIGN_STYLE = Automatic;
				CURRENT_PROJECT_VERSION = 1;
				GENERATE_INFOPLIST_FILE = YES;
				MARKETING_VERSION = 1.0;
				PRODUCT_BUNDLE_IDENTIFIER = com.wac.StickyHeaderUITests;
				PRODUCT_NAME = "$(TARGET_NAME)";
				SWIFT_EMIT_LOC_STRINGS = NO;
				SWIFT_VERSION = 5.0;
				TARGETED_DEVICE_FAMILY = "1,2";
				TEST_TARGET_NAME = StickyHeader;
			};
			name = Debug;
		};
		1E8970F62B05F33200A15CA0 /* Release */ = {
			isa = XCBuildConfiguration;
			buildSettings = {
				ALWAYS_EMBED_SWIFT_STANDARD_LIBRARIES = YES;
				CODE_SIGN_STYLE = Automatic;
				CURRENT_PROJECT_VERSION = 1;
				GENERATE_INFOPLIST_FILE = YES;
				MARKETING_VERSION = 1.0;
				PRODUCT_BUNDLE_IDENTIFIER = com.wac.StickyHeaderUITests;
				PRODUCT_NAME = "$(TARGET_NAME)";
				SWIFT_EMIT_LOC_STRINGS = NO;
				SWIFT_VERSION = 5.0;
				TARGETED_DEVICE_FAMILY = "1,2";
				TEST_TARGET_NAME = StickyHeader;
			};
			name = Release;
		};
/* End XCBuildConfiguration section */

/* Begin XCConfigurationList section */
		1E8970C52B05F32F00A15CA0 /* Build configuration list for PBXProject "StickyHeader" */ = {
			isa = XCConfigurationList;
			buildConfigurations = (
				1E8970EC2B05F33200A15CA0 /* Debug */,
				1E8970ED2B05F33200A15CA0 /* Release */,
			);
			defaultConfigurationIsVisible = 0;
			defaultConfigurationName = Release;
		};
		1E8970EE2B05F33200A15CA0 /* Build configuration list for PBXNativeTarget "StickyHeader" */ = {
			isa = XCConfigurationList;
			buildConfigurations = (
				1E8970EF2B05F33200A15CA0 /* Debug */,
				1E8970F02B05F33200A15CA0 /* Release */,
			);
			defaultConfigurationIsVisible = 0;
			defaultConfigurationName = Release;
		};
		1E8970F12B05F33200A15CA0 /* Build configuration list for PBXNativeTarget "StickyHeaderTests" */ = {
			isa = XCConfigurationList;
			buildConfigurations = (
				1E8970F22B05F33200A15CA0 /* Debug */,
				1E8970F32B05F33200A15CA0 /* Release */,
			);
			defaultConfigurationIsVisible = 0;
			defaultConfigurationName = Release;
		};
		1E8970F42B05F33200A15CA0 /* Build configuration list for PBXNativeTarget "StickyHeaderUITests" */ = {
			isa = XCConfigurationList;
			buildConfigurations = (
				1E8970F52B05F33200A15CA0 /* Debug */,
				1E8970F62B05F33200A15CA0 /* Release */,
			);
			defaultConfigurationIsVisible = 0;
			defaultConfigurationName = Release;
		};
/* End XCConfigurationList section */
	};
	rootObject = 1E8970C22B05F32F00A15CA0 /* Project object */;
}
